PODS:
  - AFNetworking (2.6.3):
    - AFNetworking/NSURLConnection (= 2.6.3)
    - AFNetworking/NSURLSession (= 2.6.3)
    - AFNetworking/Reachability (= 2.6.3)
    - AFNetworking/Security (= 2.6.3)
    - AFNetworking/Serialization (= 2.6.3)
    - AFNetworking/UIKit (= 2.6.3)
  - AFNetworking/NSURLConnection (2.6.3):
    - AFNetworking/Reachability
    - AFNetworking/Security
    - AFNetworking/Serialization
  - AFNetworking/NSURLSession (2.6.3):
    - AFNetworking/Reachability
    - AFNetworking/Security
    - AFNetworking/Serialization
  - AFNetworking/Reachability (2.6.3)
  - AFNetworking/Security (2.6.3)
  - AFNetworking/Serialization (2.6.3)
  - AFNetworking/UIKit (2.6.3):
    - AFNetworking/NSURLConnection
    - AFNetworking/NSURLSession
  - Bolts/Tasks (1.6.0)
  - Crashlytics (3.6.0):
    - Fabric (~> 1.6.3)
  - CryptoSwift (0.2.2)
  - DGActivityIndicatorView (2.0)
  - Fabric (1.6.4)
  - Parse (1.12.0):
    - Bolts/Tasks (~> 1.5)
  - Realm (0.95.3):
    - Realm/Headers (= 0.95.3)
  - Realm/Headers (0.95.3)
  - RESideMenu (4.0.7)
  - RSPlayPauseButton (1.0.1)
  - SDWebImage (3.7.5):
    - SDWebImage/Core (= 3.7.5)
  - SDWebImage/Core (3.7.5)
  - StreamingKit (0.1.29)
  - VK-ios-sdk (1.2.2)

DEPENDENCIES:
  - AFNetworking (~> 2.6.3)
  - Crashlytics
  - CryptoSwift
  - DGActivityIndicatorView
  - Fabric
  - Parse
  - Realm (~> 0.95.0)
  - RESideMenu (~> 4.0.7)
  - RSPlayPauseButton (~> 1.0)
  - SDWebImage (~> 3.7)
  - StreamingKit
  - VK-ios-sdk (~> 1.2.2)

SPEC CHECKSUMS:
  AFNetworking: cb8d14a848e831097108418f5d49217339d4eb60
  Bolts: f52a250053bb517ca874523c3913776359ab3def
  Crashlytics: e4e8d02914f2608fbc7bf42b1a7af838b0db67a2
  CryptoSwift: d382228d6301c09474132417878a741c2a2e68cd
  DGActivityIndicatorView: 52875b025a6ccf6a431a905285c12e2bb95eb559
  Fabric: ed41fd62173c6bdea24ab02c9d7707161eabb750
  Parse: de2c52a9a1421b91ae7594ab8ce191afd184f19b
  Realm: 55885fa05865344994ad8b56da96669ffa39fbf1
  RESideMenu: f24c508404b49c667344c54aba7e590883533958
  RSPlayPauseButton: 9def027a1259ded3a6ecfeb0e57df1775ff22fb0
  SDWebImage: 69c6303e3348fba97e03f65d65d4fbc26740f461
  StreamingKit: c329785aaef3ac142d4ae388345bfe1ed23cfd45
  VK-ios-sdk: f4b7df0d4e277e06d60fef6dc472be4260eeda6d

COCOAPODS: 0.39.0
