PODS:
  - Crashlytics (3.6.0):
    - Fabric (~> 1.6.3)
  - DGActivityIndicatorView (2.0)
  - Fabric (1.6.4)
  - Realm (2.1.1):
    - Realm/Headers (= 2.1.1)
  - Realm/Headers (2.1.1)
  - SDWebImage (3.7.5):
    - SDWebImage/Core (= 3.7.5)
  - SDWebImage/Core (3.7.5)
  - StreamingKit (0.1.29)
  - VK-ios-sdk (1.2.2)

DEPENDENCIES:
  - Crashlytics (~> 3.6.0)
  - DGActivityIndicatorView (~> 2.0)
  - Fabric (~> 1.6.3)
  - Realm
  - SDWebImage (~> 3.7)
  - StreamingKit (~> 0.1.29)
  - VK-ios-sdk (~> 1.2.2)

SPEC CHECKSUMS:
  Crashlytics: e4e8d02914f2608fbc7bf42b1a7af838b0db67a2
  DGActivityIndicatorView: 52875b025a6ccf6a431a905285c12e2bb95eb559
  Fabric: ed41fd62173c6bdea24ab02c9d7707161eabb750
  Realm: a55959c0b171a5fe5267406d17f314fec3cefaae
  SDWebImage: 69c6303e3348fba97e03f65d65d4fbc26740f461
  StreamingKit: c329785aaef3ac142d4ae388345bfe1ed23cfd45
  VK-ios-sdk: f4b7df0d4e277e06d60fef6dc472be4260eeda6d

PODFILE CHECKSUM: dceafd8c5a076611c41041a81c71f9ab98c0553a

COCOAPODS: 1.2.1
