// !$*UTF8*$!
{
	archiveVersion = 1;
	classes = {
	};
	objectVersion = 46;
	objects = {

/* Begin PBXBuildFile section */
		6130580BD157E3F34DEA3C44 /* Pods.framework in Frameworks */ = {isa = PBXBuildFile; fileRef = 0BC98F3C40624CFA580E61ED /* Pods.framework */; settings = {ATTRIBUTES = (Weak, ); }; };
		C41CDB9D1BB1BBD000EF6C03 /* EPMusicPlayerRemoteManager.swift in Sources */ = {isa = PBXBuildFile; fileRef = C41CDB9C1BB1BBD000EF6C03 /* EPMusicPlayerRemoteManager.swift */; };
		C41CDBA91BB2EAD100EF6C03 /* EPSettings.swift in Sources */ = {isa = PBXBuildFile; fileRef = C41CDBA81BB2EAD100EF6C03 /* EPSettings.swift */; };
		C41CDBAB1BB2FE6D00EF6C03 /* RLMSupport.swift in Sources */ = {isa = PBXBuildFile; fileRef = C41CDBAA1BB2FE6D00EF6C03 /* RLMSupport.swift */; };
		C44ADA621BCFF26A00D2EFB0 /* UIView+EqualSizeConstraints.swift in Sources */ = {isa = PBXBuildFile; fileRef = C44ADA611BCFF26A00D2EFB0 /* UIView+EqualSizeConstraints.swift */; };
		C458549E1BB4004A00F596DE /* EPHTTPManager.swift in Sources */ = {isa = PBXBuildFile; fileRef = C458549D1BB4004A00F596DE /* EPHTTPManager.swift */; };
		C489EAC71BA83D1D00D788E0 /* AppDelegate.swift in Sources */ = {isa = PBXBuildFile; fileRef = C489EAC61BA83D1D00D788E0 /* AppDelegate.swift */; };
		C489EAC91BA83D1D00D788E0 /* EPPlaylistsListViewController.swift in Sources */ = {isa = PBXBuildFile; fileRef = C489EAC81BA83D1D00D788E0 /* EPPlaylistsListViewController.swift */; };
		C489EACB1BA83D1D00D788E0 /* EPSearchViewController.swift in Sources */ = {isa = PBXBuildFile; fileRef = C489EACA1BA83D1D00D788E0 /* EPSearchViewController.swift */; };
		C489EACE1BA83D1D00D788E0 /* Main.storyboard in Resources */ = {isa = PBXBuildFile; fileRef = C489EACC1BA83D1D00D788E0 /* Main.storyboard */; };
		C489EAD31BA83D1D00D788E0 /* LaunchScreen.xib in Resources */ = {isa = PBXBuildFile; fileRef = C489EAD11BA83D1D00D788E0 /* LaunchScreen.xib */; };
		C489EADF1BA83D1D00D788E0 /* EyePatchPlayerTests.swift in Sources */ = {isa = PBXBuildFile; fileRef = C489EADE1BA83D1D00D788E0 /* EyePatchPlayerTests.swift */; };
		C489EAF11BA84F6E00D788E0 /* EPTabBarControllerViewController.swift in Sources */ = {isa = PBXBuildFile; fileRef = C489EAF01BA84F6E00D788E0 /* EPTabBarControllerViewController.swift */; };
		C489EAF31BA8506600D788E0 /* EPConstants.swift in Sources */ = {isa = PBXBuildFile; fileRef = C489EAF21BA8506600D788E0 /* EPConstants.swift */; };
		C489EAF51BA8658900D788E0 /* EPDownloadedViewController.swift in Sources */ = {isa = PBXBuildFile; fileRef = C489EAF41BA8658900D788E0 /* EPDownloadedViewController.swift */; };
		C489EAF71BA8659D00D788E0 /* EPSettingsViewController.swift in Sources */ = {isa = PBXBuildFile; fileRef = C489EAF61BA8659D00D788E0 /* EPSettingsViewController.swift */; };
		C489EAFD1BA8696A00D788E0 /* EPMusicPlaylist.swift in Sources */ = {isa = PBXBuildFile; fileRef = C489EAFC1BA8696A00D788E0 /* EPMusicPlaylist.swift */; };
		C489EAFF1BA8698700D788E0 /* EPTrack.swift in Sources */ = {isa = PBXBuildFile; fileRef = C489EAFE1BA8698700D788E0 /* EPTrack.swift */; };
		C489EB091BA86C4C00D788E0 /* EPPlaylistViewController.swift in Sources */ = {isa = PBXBuildFile; fileRef = C489EB081BA86C4C00D788E0 /* EPPlaylistViewController.swift */; };
		C489EB0D1BAAFF2600D788E0 /* EPPlayerViewController.swift in Sources */ = {isa = PBXBuildFile; fileRef = C489EB0C1BAAFF2600D788E0 /* EPPlayerViewController.swift */; };
		C4C39F1A1BCC04C400F1246C /* EPTrackTableViewCellDelegate.swift in Sources */ = {isa = PBXBuildFile; fileRef = C4C39F191BCC04C400F1246C /* EPTrackTableViewCellDelegate.swift */; };
		C4C39F1C1BCC1C5200F1246C /* EPAudioSessionManager.swift in Sources */ = {isa = PBXBuildFile; fileRef = C4C39F1B1BCC1C5200F1246C /* EPAudioSessionManager.swift */; };
		C4C61D4C1BBD537A00501EE1 /* EPMusicPlayerDelegate.swift in Sources */ = {isa = PBXBuildFile; fileRef = C4C61D4B1BBD537A00501EE1 /* EPMusicPlayerDelegate.swift */; };
		C4C61D4F1BBD572800501EE1 /* ShuffleArray.swift in Sources */ = {isa = PBXBuildFile; fileRef = C4C61D4E1BBD572800501EE1 /* ShuffleArray.swift */; };
		C4C61DAC1BC6B8E800501EE1 /* EPFriendListViewController.swift in Sources */ = {isa = PBXBuildFile; fileRef = C4C61DAB1BC6B8E800501EE1 /* EPFriendListViewController.swift */; };
		C4C61DB11BC6D58A00501EE1 /* EPFriend.swift in Sources */ = {isa = PBXBuildFile; fileRef = C4C61DB01BC6D58A00501EE1 /* EPFriend.swift */; };
		C4C61DB41BC8199500501EE1 /* EPTrackTableViewCell.swift in Sources */ = {isa = PBXBuildFile; fileRef = C4C61DB21BC8199500501EE1 /* EPTrackTableViewCell.swift */; };
		C4C61DB51BC8199500501EE1 /* EPTrackTableViewCell.xib in Resources */ = {isa = PBXBuildFile; fileRef = C4C61DB31BC8199500501EE1 /* EPTrackTableViewCell.xib */; };
		C4C61DB81BC82E8B00501EE1 /* Images.xcassets in Resources */ = {isa = PBXBuildFile; fileRef = C4C61DB71BC82E8B00501EE1 /* Images.xcassets */; };
		C4C61DBA1BC8312100501EE1 /* IntTimeToString.swift in Sources */ = {isa = PBXBuildFile; fileRef = C4C61DB91BC8312100501EE1 /* IntTimeToString.swift */; };
		C4C61DBC1BCBD58000501EE1 /* PerformanceMeasure.swift in Sources */ = {isa = PBXBuildFile; fileRef = C4C61DBB1BCBD58000501EE1 /* PerformanceMeasure.swift */; };
		C4C61DBE1BCBF50400501EE1 /* EPPlaylistDelegate.swift in Sources */ = {isa = PBXBuildFile; fileRef = C4C61DBD1BCBF50400501EE1 /* EPPlaylistDelegate.swift */; };
		C4D80D731BCE5F2F0095E2D7 /* EPRootViewController.swift in Sources */ = {isa = PBXBuildFile; fileRef = C4D80D721BCE5F2F0095E2D7 /* EPRootViewController.swift */; };
		C4D80D751BCE61BA0095E2D7 /* EPRightMenuViewController.swift in Sources */ = {isa = PBXBuildFile; fileRef = C4D80D741BCE61BA0095E2D7 /* EPRightMenuViewController.swift */; };
		C4D80D771BCE7D600095E2D7 /* UIViewController+RightMenuItem.swift in Sources */ = {isa = PBXBuildFile; fileRef = C4D80D761BCE7D600095E2D7 /* UIViewController+RightMenuItem.swift */; };
		C4D80D7B1BCFC15C0095E2D7 /* EPPlayerWidgetView.swift in Sources */ = {isa = PBXBuildFile; fileRef = C4D80D7A1BCFC15C0095E2D7 /* EPPlayerWidgetView.swift */; };
		C4D80D7D1BCFCC670095E2D7 /* EPRootNavigationController.swift in Sources */ = {isa = PBXBuildFile; fileRef = C4D80D7C1BCFCC670095E2D7 /* EPRootNavigationController.swift */; };
		C4E60D3B1BAB22F700C950AA /* EPMusicPlayer.swift in Sources */ = {isa = PBXBuildFile; fileRef = C4E60D3A1BAB22F700C950AA /* EPMusicPlayer.swift */; };
		C4E60D3D1BAC190800C950AA /* EPCache.swift in Sources */ = {isa = PBXBuildFile; fileRef = C4E60D3C1BAC190800C950AA /* EPCache.swift */; };
		C4FCB3671BAC655700197746 /* CFNetwork.framework in Frameworks */ = {isa = PBXBuildFile; fileRef = C4FCB3661BAC655700197746 /* CFNetwork.framework */; };
		C4FCB3691BAC655C00197746 /* AudioToolbox.framework in Frameworks */ = {isa = PBXBuildFile; fileRef = C4FCB3681BAC655C00197746 /* AudioToolbox.framework */; };
		C4FCB36B1BAC656000197746 /* AVFoundation.framework in Frameworks */ = {isa = PBXBuildFile; fileRef = C4FCB36A1BAC656000197746 /* AVFoundation.framework */; };
		C4FCB36D1BAC656700197746 /* libxml2.dylib in Frameworks */ = {isa = PBXBuildFile; fileRef = C4FCB36C1BAC656700197746 /* libxml2.dylib */; };
		C4FCB36F1BAC656C00197746 /* MediaPlayer.framework in Frameworks */ = {isa = PBXBuildFile; fileRef = C4FCB36E1BAC656C00197746 /* MediaPlayer.framework */; };
/* End PBXBuildFile section */

/* Begin PBXContainerItemProxy section */
		C489EAD91BA83D1D00D788E0 /* PBXContainerItemProxy */ = {
			isa = PBXContainerItemProxy;
			containerPortal = C489EAB91BA83D1D00D788E0 /* Project object */;
			proxyType = 1;
			remoteGlobalIDString = C489EAC01BA83D1D00D788E0;
			remoteInfo = EyePatchPlayer;
		};
/* End PBXContainerItemProxy section */

/* Begin PBXFileReference section */
		0BC98F3C40624CFA580E61ED /* Pods.framework */ = {isa = PBXFileReference; explicitFileType = wrapper.framework; includeInIndex = 0; path = Pods.framework; sourceTree = BUILT_PRODUCTS_DIR; };
		233376957A6F53AEBAB95C02 /* Pods.release.xcconfig */ = {isa = PBXFileReference; includeInIndex = 1; lastKnownFileType = text.xcconfig; name = Pods.release.xcconfig; path = "Pods/Target Support Files/Pods/Pods.release.xcconfig"; sourceTree = "<group>"; };
		A7A9B433B04EE394259E4DC3 /* Pods.debug.xcconfig */ = {isa = PBXFileReference; includeInIndex = 1; lastKnownFileType = text.xcconfig; name = Pods.debug.xcconfig; path = "Pods/Target Support Files/Pods/Pods.debug.xcconfig"; sourceTree = "<group>"; };
		C41A8BA11BB98B9D00AED0E2 /* README.md */ = {isa = PBXFileReference; fileEncoding = 4; lastKnownFileType = net.daringfireball.markdown; path = README.md; sourceTree = SOURCE_ROOT; };
		C41CDB9C1BB1BBD000EF6C03 /* EPMusicPlayerRemoteManager.swift */ = {isa = PBXFileReference; fileEncoding = 4; lastKnownFileType = sourcecode.swift; path = EPMusicPlayerRemoteManager.swift; sourceTree = "<group>"; };
		C41CDBA21BB2AA4800EF6C03 /* RealmSwift.framework */ = {isa = PBXFileReference; lastKnownFileType = wrapper.framework; name = RealmSwift.framework; path = "../../Downloads/realm-swift-0.95.0/ios/swift-1.2/RealmSwift.framework"; sourceTree = "<group>"; };
		C41CDBA81BB2EAD100EF6C03 /* EPSettings.swift */ = {isa = PBXFileReference; fileEncoding = 4; lastKnownFileType = sourcecode.swift; path = EPSettings.swift; sourceTree = "<group>"; };
		C41CDBAA1BB2FE6D00EF6C03 /* RLMSupport.swift */ = {isa = PBXFileReference; fileEncoding = 4; lastKnownFileType = sourcecode.swift; path = RLMSupport.swift; sourceTree = "<group>"; };
		C44ADA611BCFF26A00D2EFB0 /* UIView+EqualSizeConstraints.swift */ = {isa = PBXFileReference; fileEncoding = 4; lastKnownFileType = sourcecode.swift; path = "UIView+EqualSizeConstraints.swift"; sourceTree = "<group>"; };
		C458549D1BB4004A00F596DE /* EPHTTPManager.swift */ = {isa = PBXFileReference; fileEncoding = 4; lastKnownFileType = sourcecode.swift; path = EPHTTPManager.swift; sourceTree = "<group>"; };
		C489EAC11BA83D1D00D788E0 /* EyePatchPlayer.app */ = {isa = PBXFileReference; explicitFileType = wrapper.application; includeInIndex = 0; path = EyePatchPlayer.app; sourceTree = BUILT_PRODUCTS_DIR; };
		C489EAC51BA83D1D00D788E0 /* Info.plist */ = {isa = PBXFileReference; lastKnownFileType = text.plist.xml; path = Info.plist; sourceTree = "<group>"; };
		C489EAC61BA83D1D00D788E0 /* AppDelegate.swift */ = {isa = PBXFileReference; lastKnownFileType = sourcecode.swift; path = AppDelegate.swift; sourceTree = "<group>"; };
		C489EAC81BA83D1D00D788E0 /* EPPlaylistsListViewController.swift */ = {isa = PBXFileReference; lastKnownFileType = sourcecode.swift; path = EPPlaylistsListViewController.swift; sourceTree = "<group>"; };
		C489EACA1BA83D1D00D788E0 /* EPSearchViewController.swift */ = {isa = PBXFileReference; lastKnownFileType = sourcecode.swift; path = EPSearchViewController.swift; sourceTree = "<group>"; };
		C489EACD1BA83D1D00D788E0 /* Base */ = {isa = PBXFileReference; lastKnownFileType = file.storyboard; name = Base; path = Base.lproj/Main.storyboard; sourceTree = "<group>"; };
		C489EAD21BA83D1D00D788E0 /* Base */ = {isa = PBXFileReference; lastKnownFileType = file.xib; name = Base; path = Base.lproj/LaunchScreen.xib; sourceTree = "<group>"; };
		C489EAD81BA83D1D00D788E0 /* EyePatchPlayerTests.xctest */ = {isa = PBXFileReference; explicitFileType = wrapper.cfbundle; includeInIndex = 0; path = EyePatchPlayerTests.xctest; sourceTree = BUILT_PRODUCTS_DIR; };
		C489EADD1BA83D1D00D788E0 /* Info.plist */ = {isa = PBXFileReference; lastKnownFileType = text.plist.xml; path = Info.plist; sourceTree = "<group>"; };
		C489EADE1BA83D1D00D788E0 /* EyePatchPlayerTests.swift */ = {isa = PBXFileReference; lastKnownFileType = sourcecode.swift; path = EyePatchPlayerTests.swift; sourceTree = "<group>"; };
		C489EAEB1BA83F9500D788E0 /* EyePatchPlayer-Bridging-Header.h */ = {isa = PBXFileReference; lastKnownFileType = sourcecode.c.h; path = "EyePatchPlayer-Bridging-Header.h"; sourceTree = SOURCE_ROOT; };
		C489EAF01BA84F6E00D788E0 /* EPTabBarControllerViewController.swift */ = {isa = PBXFileReference; fileEncoding = 4; lastKnownFileType = sourcecode.swift; path = EPTabBarControllerViewController.swift; sourceTree = "<group>"; };
		C489EAF21BA8506600D788E0 /* EPConstants.swift */ = {isa = PBXFileReference; fileEncoding = 4; lastKnownFileType = sourcecode.swift; path = EPConstants.swift; sourceTree = "<group>"; };
		C489EAF41BA8658900D788E0 /* EPDownloadedViewController.swift */ = {isa = PBXFileReference; fileEncoding = 4; lastKnownFileType = sourcecode.swift; path = EPDownloadedViewController.swift; sourceTree = "<group>"; };
		C489EAF61BA8659D00D788E0 /* EPSettingsViewController.swift */ = {isa = PBXFileReference; fileEncoding = 4; lastKnownFileType = sourcecode.swift; path = EPSettingsViewController.swift; sourceTree = "<group>"; };
		C489EAFC1BA8696A00D788E0 /* EPMusicPlaylist.swift */ = {isa = PBXFileReference; fileEncoding = 4; lastKnownFileType = sourcecode.swift; path = EPMusicPlaylist.swift; sourceTree = "<group>"; };
		C489EAFE1BA8698700D788E0 /* EPTrack.swift */ = {isa = PBXFileReference; fileEncoding = 4; lastKnownFileType = sourcecode.swift; path = EPTrack.swift; sourceTree = "<group>"; };
		C489EB081BA86C4C00D788E0 /* EPPlaylistViewController.swift */ = {isa = PBXFileReference; fileEncoding = 4; lastKnownFileType = sourcecode.swift; path = EPPlaylistViewController.swift; sourceTree = "<group>"; };
		C489EB0C1BAAFF2600D788E0 /* EPPlayerViewController.swift */ = {isa = PBXFileReference; fileEncoding = 4; lastKnownFileType = sourcecode.swift; path = EPPlayerViewController.swift; sourceTree = "<group>"; };
		C4C39F191BCC04C400F1246C /* EPTrackTableViewCellDelegate.swift */ = {isa = PBXFileReference; fileEncoding = 4; lastKnownFileType = sourcecode.swift; path = EPTrackTableViewCellDelegate.swift; sourceTree = "<group>"; };
		C4C39F1B1BCC1C5200F1246C /* EPAudioSessionManager.swift */ = {isa = PBXFileReference; fileEncoding = 4; lastKnownFileType = sourcecode.swift; path = EPAudioSessionManager.swift; sourceTree = "<group>"; };
		C4C61D4B1BBD537A00501EE1 /* EPMusicPlayerDelegate.swift */ = {isa = PBXFileReference; fileEncoding = 4; lastKnownFileType = sourcecode.swift; path = EPMusicPlayerDelegate.swift; sourceTree = "<group>"; };
		C4C61D4E1BBD572800501EE1 /* ShuffleArray.swift */ = {isa = PBXFileReference; fileEncoding = 4; lastKnownFileType = sourcecode.swift; path = ShuffleArray.swift; sourceTree = "<group>"; };
		C4C61DAB1BC6B8E800501EE1 /* EPFriendListViewController.swift */ = {isa = PBXFileReference; fileEncoding = 4; lastKnownFileType = sourcecode.swift; path = EPFriendListViewController.swift; sourceTree = "<group>"; };
		C4C61DB01BC6D58A00501EE1 /* EPFriend.swift */ = {isa = PBXFileReference; fileEncoding = 4; lastKnownFileType = sourcecode.swift; path = EPFriend.swift; sourceTree = "<group>"; };
		C4C61DB21BC8199500501EE1 /* EPTrackTableViewCell.swift */ = {isa = PBXFileReference; fileEncoding = 4; lastKnownFileType = sourcecode.swift; path = EPTrackTableViewCell.swift; sourceTree = "<group>"; };
		C4C61DB31BC8199500501EE1 /* EPTrackTableViewCell.xib */ = {isa = PBXFileReference; fileEncoding = 4; lastKnownFileType = file.xib; path = EPTrackTableViewCell.xib; sourceTree = "<group>"; };
		C4C61DB71BC82E8B00501EE1 /* Images.xcassets */ = {isa = PBXFileReference; lastKnownFileType = folder.assetcatalog; path = Images.xcassets; sourceTree = "<group>"; };
		C4C61DB91BC8312100501EE1 /* IntTimeToString.swift */ = {isa = PBXFileReference; fileEncoding = 4; lastKnownFileType = sourcecode.swift; path = IntTimeToString.swift; sourceTree = "<group>"; };
		C4C61DBB1BCBD58000501EE1 /* PerformanceMeasure.swift */ = {isa = PBXFileReference; fileEncoding = 4; lastKnownFileType = sourcecode.swift; path = PerformanceMeasure.swift; sourceTree = "<group>"; };
		C4C61DBD1BCBF50400501EE1 /* EPPlaylistDelegate.swift */ = {isa = PBXFileReference; fileEncoding = 4; lastKnownFileType = sourcecode.swift; path = EPPlaylistDelegate.swift; sourceTree = "<group>"; };
		C4D80D721BCE5F2F0095E2D7 /* EPRootViewController.swift */ = {isa = PBXFileReference; fileEncoding = 4; lastKnownFileType = sourcecode.swift; path = EPRootViewController.swift; sourceTree = "<group>"; };
		C4D80D741BCE61BA0095E2D7 /* EPRightMenuViewController.swift */ = {isa = PBXFileReference; fileEncoding = 4; lastKnownFileType = sourcecode.swift; path = EPRightMenuViewController.swift; sourceTree = "<group>"; };
		C4D80D761BCE7D600095E2D7 /* UIViewController+RightMenuItem.swift */ = {isa = PBXFileReference; fileEncoding = 4; lastKnownFileType = sourcecode.swift; path = "UIViewController+RightMenuItem.swift"; sourceTree = "<group>"; };
		C4D80D7A1BCFC15C0095E2D7 /* EPPlayerWidgetView.swift */ = {isa = PBXFileReference; fileEncoding = 4; lastKnownFileType = sourcecode.swift; path = EPPlayerWidgetView.swift; sourceTree = "<group>"; };
		C4D80D7C1BCFCC670095E2D7 /* EPRootNavigationController.swift */ = {isa = PBXFileReference; fileEncoding = 4; lastKnownFileType = sourcecode.swift; path = EPRootNavigationController.swift; sourceTree = "<group>"; };
		C4E60D3A1BAB22F700C950AA /* EPMusicPlayer.swift */ = {isa = PBXFileReference; fileEncoding = 4; lastKnownFileType = sourcecode.swift; path = EPMusicPlayer.swift; sourceTree = "<group>"; };
		C4E60D3C1BAC190800C950AA /* EPCache.swift */ = {isa = PBXFileReference; fileEncoding = 4; lastKnownFileType = sourcecode.swift; path = EPCache.swift; sourceTree = "<group>"; };
		C4FCB3661BAC655700197746 /* CFNetwork.framework */ = {isa = PBXFileReference; lastKnownFileType = wrapper.framework; name = CFNetwork.framework; path = System/Library/Frameworks/CFNetwork.framework; sourceTree = SDKROOT; };
		C4FCB3681BAC655C00197746 /* AudioToolbox.framework */ = {isa = PBXFileReference; lastKnownFileType = wrapper.framework; name = AudioToolbox.framework; path = System/Library/Frameworks/AudioToolbox.framework; sourceTree = SDKROOT; };
		C4FCB36A1BAC656000197746 /* AVFoundation.framework */ = {isa = PBXFileReference; lastKnownFileType = wrapper.framework; name = AVFoundation.framework; path = System/Library/Frameworks/AVFoundation.framework; sourceTree = SDKROOT; };
		C4FCB36C1BAC656700197746 /* libxml2.dylib */ = {isa = PBXFileReference; lastKnownFileType = "compiled.mach-o.dylib"; name = libxml2.dylib; path = usr/lib/libxml2.dylib; sourceTree = SDKROOT; };
		C4FCB36E1BAC656C00197746 /* MediaPlayer.framework */ = {isa = PBXFileReference; lastKnownFileType = wrapper.framework; name = MediaPlayer.framework; path = System/Library/Frameworks/MediaPlayer.framework; sourceTree = SDKROOT; };
/* End PBXFileReference section */

/* Begin PBXFrameworksBuildPhase section */
		C489EABE1BA83D1D00D788E0 /* Frameworks */ = {
			isa = PBXFrameworksBuildPhase;
			buildActionMask = 2147483647;
			files = (
				C4FCB36F1BAC656C00197746 /* MediaPlayer.framework in Frameworks */,
				C4FCB36D1BAC656700197746 /* libxml2.dylib in Frameworks */,
				C4FCB36B1BAC656000197746 /* AVFoundation.framework in Frameworks */,
				C4FCB3691BAC655C00197746 /* AudioToolbox.framework in Frameworks */,
				C4FCB3671BAC655700197746 /* CFNetwork.framework in Frameworks */,
				6130580BD157E3F34DEA3C44 /* Pods.framework in Frameworks */,
			);
			runOnlyForDeploymentPostprocessing = 0;
		};
		C489EAD51BA83D1D00D788E0 /* Frameworks */ = {
			isa = PBXFrameworksBuildPhase;
			buildActionMask = 2147483647;
			files = (
			);
			runOnlyForDeploymentPostprocessing = 0;
		};
/* End PBXFrameworksBuildPhase section */

/* Begin PBXGroup section */
		5778CDE021523F36B5B95232 /* Pods */ = {
			isa = PBXGroup;
			children = (
				A7A9B433B04EE394259E4DC3 /* Pods.debug.xcconfig */,
				233376957A6F53AEBAB95C02 /* Pods.release.xcconfig */,
			);
			name = Pods;
			sourceTree = "<group>";
		};
		58F4D19E494145291077016A /* Frameworks */ = {
			isa = PBXGroup;
			children = (
				C41CDBA21BB2AA4800EF6C03 /* RealmSwift.framework */,
				C4FCB36E1BAC656C00197746 /* MediaPlayer.framework */,
				C4FCB36C1BAC656700197746 /* libxml2.dylib */,
				C4FCB36A1BAC656000197746 /* AVFoundation.framework */,
				C4FCB3681BAC655C00197746 /* AudioToolbox.framework */,
				C4FCB3661BAC655700197746 /* CFNetwork.framework */,
				0BC98F3C40624CFA580E61ED /* Pods.framework */,
			);
			name = Frameworks;
			sourceTree = "<group>";
		};
		C489EAB81BA83D1D00D788E0 = {
			isa = PBXGroup;
			children = (
				C489EAC31BA83D1D00D788E0 /* EyePatchPlayer */,
				C489EADB1BA83D1D00D788E0 /* EyePatchPlayerTests */,
				C489EAC21BA83D1D00D788E0 /* Products */,
				5778CDE021523F36B5B95232 /* Pods */,
				58F4D19E494145291077016A /* Frameworks */,
			);
			sourceTree = "<group>";
		};
		C489EAC21BA83D1D00D788E0 /* Products */ = {
			isa = PBXGroup;
			children = (
				C489EAC11BA83D1D00D788E0 /* EyePatchPlayer.app */,
				C489EAD81BA83D1D00D788E0 /* EyePatchPlayerTests.xctest */,
			);
			name = Products;
			sourceTree = "<group>";
		};
		C489EAC31BA83D1D00D788E0 /* EyePatchPlayer */ = {
			isa = PBXGroup;
			children = (
				C41A8BA11BB98B9D00AED0E2 /* README.md */,
				C489EAC61BA83D1D00D788E0 /* AppDelegate.swift */,
				C489EB0B1BA9861100D788E0 /* Model */,
				C489EAF91BA865B200D788E0 /* UI */,
				C489EAF21BA8506600D788E0 /* EPConstants.swift */,
				C489EACC1BA83D1D00D788E0 /* Main.storyboard */,
				C489EAD11BA83D1D00D788E0 /* LaunchScreen.xib */,
				C4C61DB71BC82E8B00501EE1 /* Images.xcassets */,
				C489EAC41BA83D1D00D788E0 /* Supporting Files */,
			);
			path = EyePatchPlayer;
			sourceTree = "<group>";
		};
		C489EAC41BA83D1D00D788E0 /* Supporting Files */ = {
			isa = PBXGroup;
			children = (
				C4C61D4D1BBD56DA00501EE1 /* Extensions */,
				C4FCB3701BAC65A300197746 /* Libraries */,
				C489EAEB1BA83F9500D788E0 /* EyePatchPlayer-Bridging-Header.h */,
				C489EAC51BA83D1D00D788E0 /* Info.plist */,
			);
			name = "Supporting Files";
			sourceTree = "<group>";
		};
		C489EADB1BA83D1D00D788E0 /* EyePatchPlayerTests */ = {
			isa = PBXGroup;
			children = (
				C489EADE1BA83D1D00D788E0 /* EyePatchPlayerTests.swift */,
				C489EADC1BA83D1D00D788E0 /* Supporting Files */,
			);
			path = EyePatchPlayerTests;
			sourceTree = "<group>";
		};
		C489EADC1BA83D1D00D788E0 /* Supporting Files */ = {
			isa = PBXGroup;
			children = (
				C489EADD1BA83D1D00D788E0 /* Info.plist */,
			);
			name = "Supporting Files";
			sourceTree = "<group>";
		};
		C489EAF81BA865A100D788E0 /* Tabs */ = {
			isa = PBXGroup;
			children = (
				C4C61DAA1BC6B7D100501EE1 /* Lists */,
				C489EB031BA86A0900D788E0 /* Search */,
				C489EB041BA86A1100D788E0 /* Downloaded */,
				C489EB051BA86A1700D788E0 /* Settings */,
			);
			name = Tabs;
			sourceTree = "<group>";
		};
		C489EAF91BA865B200D788E0 /* UI */ = {
			isa = PBXGroup;
			children = (
				C4D80D7C1BCFCC670095E2D7 /* EPRootNavigationController.swift */,
				C4D80D711BCE5F0B0095E2D7 /* Menu */,
				C489EAF01BA84F6E00D788E0 /* EPTabBarControllerViewController.swift */,
				C489EAF81BA865A100D788E0 /* Tabs */,
				C489EB0E1BAAFF2A00D788E0 /* Player */,
				C4C61DAD1BC6B8EB00501EE1 /* FriendsList */,
				C489EB0A1BA86C7600D788E0 /* TrackPlaylist */,
			);
			name = UI;
			sourceTree = "<group>";
		};
		C489EB031BA86A0900D788E0 /* Search */ = {
			isa = PBXGroup;
			children = (
				C489EACA1BA83D1D00D788E0 /* EPSearchViewController.swift */,
			);
			name = Search;
			sourceTree = "<group>";
		};
		C489EB041BA86A1100D788E0 /* Downloaded */ = {
			isa = PBXGroup;
			children = (
				C489EAF41BA8658900D788E0 /* EPDownloadedViewController.swift */,
			);
			name = Downloaded;
			sourceTree = "<group>";
		};
		C489EB051BA86A1700D788E0 /* Settings */ = {
			isa = PBXGroup;
			children = (
				C489EAF61BA8659D00D788E0 /* EPSettingsViewController.swift */,
			);
			name = Settings;
			sourceTree = "<group>";
		};
		C489EB0A1BA86C7600D788E0 /* TrackPlaylist */ = {
			isa = PBXGroup;
			children = (
				C489EB081BA86C4C00D788E0 /* EPPlaylistViewController.swift */,
				C4C61DB61BC8199E00501EE1 /* TrackTableViewCell */,
			);
			name = TrackPlaylist;
			sourceTree = "<group>";
		};
		C489EB0B1BA9861100D788E0 /* Model */ = {
			isa = PBXGroup;
			children = (
				C4E60D3A1BAB22F700C950AA /* EPMusicPlayer.swift */,
				C4C39F1B1BCC1C5200F1246C /* EPAudioSessionManager.swift */,
				C4C61D4B1BBD537A00501EE1 /* EPMusicPlayerDelegate.swift */,
				C41CDB9C1BB1BBD000EF6C03 /* EPMusicPlayerRemoteManager.swift */,
				C458549D1BB4004A00F596DE /* EPHTTPManager.swift */,
				C4E60D3C1BAC190800C950AA /* EPCache.swift */,
				C41CDBA81BB2EAD100EF6C03 /* EPSettings.swift */,
				C489EAFC1BA8696A00D788E0 /* EPMusicPlaylist.swift */,
				C4C61DBD1BCBF50400501EE1 /* EPPlaylistDelegate.swift */,
				C489EAFE1BA8698700D788E0 /* EPTrack.swift */,
				C4C61DB01BC6D58A00501EE1 /* EPFriend.swift */,
			);
			name = Model;
			sourceTree = "<group>";
		};
		C489EB0E1BAAFF2A00D788E0 /* Player */ = {
			isa = PBXGroup;
			children = (
				C489EB0C1BAAFF2600D788E0 /* EPPlayerViewController.swift */,
				C4D80D7A1BCFC15C0095E2D7 /* EPPlayerWidgetView.swift */,
			);
			name = Player;
			sourceTree = "<group>";
		};
		C4C61D4D1BBD56DA00501EE1 /* Extensions */ = {
			isa = PBXGroup;
			children = (
				C41CDBAA1BB2FE6D00EF6C03 /* RLMSupport.swift */,
				C44ADA611BCFF26A00D2EFB0 /* UIView+EqualSizeConstraints.swift */,
				C4C61D4E1BBD572800501EE1 /* ShuffleArray.swift */,
				C4C61DB91BC8312100501EE1 /* IntTimeToString.swift */,
				C4C61DBB1BCBD58000501EE1 /* PerformanceMeasure.swift */,
				C4D80D761BCE7D600095E2D7 /* UIViewController+RightMenuItem.swift */,
			);
			name = Extensions;
			sourceTree = "<group>";
		};
		C4C61DAA1BC6B7D100501EE1 /* Lists */ = {
			isa = PBXGroup;
			children = (
				C489EAC81BA83D1D00D788E0 /* EPPlaylistsListViewController.swift */,
			);
			name = Lists;
			sourceTree = "<group>";
		};
		C4C61DAD1BC6B8EB00501EE1 /* FriendsList */ = {
			isa = PBXGroup;
			children = (
				C4C61DAB1BC6B8E800501EE1 /* EPFriendListViewController.swift */,
			);
			name = FriendsList;
			sourceTree = "<group>";
		};
		C4C61DB61BC8199E00501EE1 /* TrackTableViewCell */ = {
			isa = PBXGroup;
			children = (
				C4C61DB21BC8199500501EE1 /* EPTrackTableViewCell.swift */,
				C4C61DB31BC8199500501EE1 /* EPTrackTableViewCell.xib */,
				C4C39F191BCC04C400F1246C /* EPTrackTableViewCellDelegate.swift */,
			);
			name = TrackTableViewCell;
			sourceTree = "<group>";
		};
		C4D80D711BCE5F0B0095E2D7 /* Menu */ = {
			isa = PBXGroup;
			children = (
				C4D80D721BCE5F2F0095E2D7 /* EPRootViewController.swift */,
				C4D80D741BCE61BA0095E2D7 /* EPRightMenuViewController.swift */,
			);
			name = Menu;
			sourceTree = "<group>";
		};
		C4FCB3701BAC65A300197746 /* Libraries */ = {
			isa = PBXGroup;
			children = (
			);
			name = Libraries;
			sourceTree = "<group>";
		};
/* End PBXGroup section */

/* Begin PBXNativeTarget section */
		C489EAC01BA83D1D00D788E0 /* EyePatchPlayer */ = {
			isa = PBXNativeTarget;
			buildConfigurationList = C489EAE21BA83D1D00D788E0 /* Build configuration list for PBXNativeTarget "EyePatchPlayer" */;
			buildPhases = (
				513C307F0C1F4AB12F67F725 /* Check Pods Manifest.lock */,
				C489EABD1BA83D1D00D788E0 /* Sources */,
				C489EABE1BA83D1D00D788E0 /* Frameworks */,
				C489EABF1BA83D1D00D788E0 /* Resources */,
				D8A742F8DF703BEA96072129 /* Copy Pods Resources */,
				A7E7954EFEDC83B8F9D76B9B /* Embed Pods Frameworks */,
			);
			buildRules = (
			);
			dependencies = (
			);
			name = EyePatchPlayer;
			productName = EyePatchPlayer;
			productReference = C489EAC11BA83D1D00D788E0 /* EyePatchPlayer.app */;
			productType = "com.apple.product-type.application";
		};
		C489EAD71BA83D1D00D788E0 /* EyePatchPlayerTests */ = {
			isa = PBXNativeTarget;
			buildConfigurationList = C489EAE51BA83D1D00D788E0 /* Build configuration list for PBXNativeTarget "EyePatchPlayerTests" */;
			buildPhases = (
				C489EAD41BA83D1D00D788E0 /* Sources */,
				C489EAD51BA83D1D00D788E0 /* Frameworks */,
				C489EAD61BA83D1D00D788E0 /* Resources */,
			);
			buildRules = (
			);
			dependencies = (
				C489EADA1BA83D1D00D788E0 /* PBXTargetDependency */,
			);
			name = EyePatchPlayerTests;
			productName = EyePatchPlayerTests;
			productReference = C489EAD81BA83D1D00D788E0 /* EyePatchPlayerTests.xctest */;
			productType = "com.apple.product-type.bundle.unit-test";
		};
/* End PBXNativeTarget section */

/* Begin PBXProject section */
		C489EAB91BA83D1D00D788E0 /* Project object */ = {
			isa = PBXProject;
			attributes = {
				LastSwiftMigration = 0710;
				LastSwiftUpdateCheck = 0710;
				LastUpgradeCheck = 0710;
				ORGANIZATIONNAME = Apppli;
				TargetAttributes = {
					C489EAC01BA83D1D00D788E0 = {
						CreatedOnToolsVersion = 6.4;
						SystemCapabilities = {
							com.apple.BackgroundModes = {
								enabled = 1;
							};
						};
					};
					C489EAD71BA83D1D00D788E0 = {
						CreatedOnToolsVersion = 6.4;
						TestTargetID = C489EAC01BA83D1D00D788E0;
					};
				};
			};
			buildConfigurationList = C489EABC1BA83D1D00D788E0 /* Build configuration list for PBXProject "EyePatchPlayer" */;
			compatibilityVersion = "Xcode 3.2";
			developmentRegion = English;
			hasScannedForEncodings = 0;
			knownRegions = (
				en,
				Base,
			);
			mainGroup = C489EAB81BA83D1D00D788E0;
			productRefGroup = C489EAC21BA83D1D00D788E0 /* Products */;
			projectDirPath = "";
			projectRoot = "";
			targets = (
				C489EAC01BA83D1D00D788E0 /* EyePatchPlayer */,
				C489EAD71BA83D1D00D788E0 /* EyePatchPlayerTests */,
			);
		};
/* End PBXProject section */

/* Begin PBXResourcesBuildPhase section */
		C489EABF1BA83D1D00D788E0 /* Resources */ = {
			isa = PBXResourcesBuildPhase;
			buildActionMask = 2147483647;
			files = (
				C489EACE1BA83D1D00D788E0 /* Main.storyboard in Resources */,
				C4C61DB81BC82E8B00501EE1 /* Images.xcassets in Resources */,
				C489EAD31BA83D1D00D788E0 /* LaunchScreen.xib in Resources */,
				C4C61DB51BC8199500501EE1 /* EPTrackTableViewCell.xib in Resources */,
			);
			runOnlyForDeploymentPostprocessing = 0;
		};
		C489EAD61BA83D1D00D788E0 /* Resources */ = {
			isa = PBXResourcesBuildPhase;
			buildActionMask = 2147483647;
			files = (
			);
			runOnlyForDeploymentPostprocessing = 0;
		};
/* End PBXResourcesBuildPhase section */

/* Begin PBXShellScriptBuildPhase section */
		513C307F0C1F4AB12F67F725 /* Check Pods Manifest.lock */ = {
			isa = PBXShellScriptBuildPhase;
			buildActionMask = 2147483647;
			files = (
			);
			inputPaths = (
			);
			name = "Check Pods Manifest.lock";
			outputPaths = (
			);
			runOnlyForDeploymentPostprocessing = 0;
			shellPath = /bin/sh;
			shellScript = "diff \"${PODS_ROOT}/../Podfile.lock\" \"${PODS_ROOT}/Manifest.lock\" > /dev/null\nif [[ $? != 0 ]] ; then\n    cat << EOM\nerror: The sandbox is not in sync with the Podfile.lock. Run 'pod install' or update your CocoaPods installation.\nEOM\n    exit 1\nfi\n";
			showEnvVarsInLog = 0;
		};
		A7E7954EFEDC83B8F9D76B9B /* Embed Pods Frameworks */ = {
			isa = PBXShellScriptBuildPhase;
			buildActionMask = 2147483647;
			files = (
			);
			inputPaths = (
			);
			name = "Embed Pods Frameworks";
			outputPaths = (
			);
			runOnlyForDeploymentPostprocessing = 0;
			shellPath = /bin/sh;
			shellScript = "\"${SRCROOT}/Pods/Target Support Files/Pods/Pods-frameworks.sh\"\n";
			showEnvVarsInLog = 0;
		};
		D8A742F8DF703BEA96072129 /* Copy Pods Resources */ = {
			isa = PBXShellScriptBuildPhase;
			buildActionMask = 2147483647;
			files = (
			);
			inputPaths = (
			);
			name = "Copy Pods Resources";
			outputPaths = (
			);
			runOnlyForDeploymentPostprocessing = 0;
			shellPath = /bin/sh;
			shellScript = "\"${SRCROOT}/Pods/Target Support Files/Pods/Pods-resources.sh\"\n";
			showEnvVarsInLog = 0;
		};
/* End PBXShellScriptBuildPhase section */

/* Begin PBXSourcesBuildPhase section */
		C489EABD1BA83D1D00D788E0 /* Sources */ = {
			isa = PBXSourcesBuildPhase;
			buildActionMask = 2147483647;
			files = (
				C4C61DBE1BCBF50400501EE1 /* EPPlaylistDelegate.swift in Sources */,
				C4D80D751BCE61BA0095E2D7 /* EPRightMenuViewController.swift in Sources */,
				C41CDBAB1BB2FE6D00EF6C03 /* RLMSupport.swift in Sources */,
				C489EAFD1BA8696A00D788E0 /* EPMusicPlaylist.swift in Sources */,
				C489EACB1BA83D1D00D788E0 /* EPSearchViewController.swift in Sources */,
				C4E60D3B1BAB22F700C950AA /* EPMusicPlayer.swift in Sources */,
				C41CDBA91BB2EAD100EF6C03 /* EPSettings.swift in Sources */,
				C489EAFF1BA8698700D788E0 /* EPTrack.swift in Sources */,
				C4C61DAC1BC6B8E800501EE1 /* EPFriendListViewController.swift in Sources */,
				C4E60D3D1BAC190800C950AA /* EPCache.swift in Sources */,
				C489EAF71BA8659D00D788E0 /* EPSettingsViewController.swift in Sources */,
				C489EAF11BA84F6E00D788E0 /* EPTabBarControllerViewController.swift in Sources */,
				C489EB091BA86C4C00D788E0 /* EPPlaylistViewController.swift in Sources */,
				C489EB0D1BAAFF2600D788E0 /* EPPlayerViewController.swift in Sources */,
				C4D80D731BCE5F2F0095E2D7 /* EPRootViewController.swift in Sources */,
				C4C61DB11BC6D58A00501EE1 /* EPFriend.swift in Sources */,
				C458549E1BB4004A00F596DE /* EPHTTPManager.swift in Sources */,
				C489EAC71BA83D1D00D788E0 /* AppDelegate.swift in Sources */,
				C4C61D4F1BBD572800501EE1 /* ShuffleArray.swift in Sources */,
				C4C61DBC1BCBD58000501EE1 /* PerformanceMeasure.swift in Sources */,
				C4D80D7D1BCFCC670095E2D7 /* EPRootNavigationController.swift in Sources */,
				C4D80D7B1BCFC15C0095E2D7 /* EPPlayerWidgetView.swift in Sources */,
				C489EAC91BA83D1D00D788E0 /* EPPlaylistsListViewController.swift in Sources */,
				C4C61DBA1BC8312100501EE1 /* IntTimeToString.swift in Sources */,
				C4C39F1C1BCC1C5200F1246C /* EPAudioSessionManager.swift in Sources */,
				C4C61D4C1BBD537A00501EE1 /* EPMusicPlayerDelegate.swift in Sources */,
				C489EAF51BA8658900D788E0 /* EPDownloadedViewController.swift in Sources */,
				C489EAF31BA8506600D788E0 /* EPConstants.swift in Sources */,
				C44ADA621BCFF26A00D2EFB0 /* UIView+EqualSizeConstraints.swift in Sources */,
				C4C39F1A1BCC04C400F1246C /* EPTrackTableViewCellDelegate.swift in Sources */,
				C41CDB9D1BB1BBD000EF6C03 /* EPMusicPlayerRemoteManager.swift in Sources */,
				C4C61DB41BC8199500501EE1 /* EPTrackTableViewCell.swift in Sources */,
				C4D80D771BCE7D600095E2D7 /* UIViewController+RightMenuItem.swift in Sources */,
			);
			runOnlyForDeploymentPostprocessing = 0;
		};
		C489EAD41BA83D1D00D788E0 /* Sources */ = {
			isa = PBXSourcesBuildPhase;
			buildActionMask = 2147483647;
			files = (
				C489EADF1BA83D1D00D788E0 /* EyePatchPlayerTests.swift in Sources */,
			);
			runOnlyForDeploymentPostprocessing = 0;
		};
/* End PBXSourcesBuildPhase section */

/* Begin PBXTargetDependency section */
		C489EADA1BA83D1D00D788E0 /* PBXTargetDependency */ = {
			isa = PBXTargetDependency;
			target = C489EAC01BA83D1D00D788E0 /* EyePatchPlayer */;
			targetProxy = C489EAD91BA83D1D00D788E0 /* PBXContainerItemProxy */;
		};
/* End PBXTargetDependency section */

/* Begin PBXVariantGroup section */
		C489EACC1BA83D1D00D788E0 /* Main.storyboard */ = {
			isa = PBXVariantGroup;
			children = (
				C489EACD1BA83D1D00D788E0 /* Base */,
			);
			name = Main.storyboard;
			sourceTree = "<group>";
		};
		C489EAD11BA83D1D00D788E0 /* LaunchScreen.xib */ = {
			isa = PBXVariantGroup;
			children = (
				C489EAD21BA83D1D00D788E0 /* Base */,
			);
			name = LaunchScreen.xib;
			sourceTree = "<group>";
		};
/* End PBXVariantGroup section */

/* Begin XCBuildConfiguration section */
		C489EAE01BA83D1D00D788E0 /* Debug */ = {
			isa = XCBuildConfiguration;
			buildSettings = {
				ALWAYS_SEARCH_USER_PATHS = NO;
				CLANG_CXX_LANGUAGE_STANDARD = "gnu++0x";
				CLANG_CXX_LIBRARY = "libc++";
				CLANG_ENABLE_MODULES = YES;
				CLANG_ENABLE_OBJC_ARC = YES;
				CLANG_WARN_BOOL_CONVERSION = YES;
				CLANG_WARN_CONSTANT_CONVERSION = YES;
				CLANG_WARN_DIRECT_OBJC_ISA_USAGE = YES_ERROR;
				CLANG_WARN_EMPTY_BODY = YES;
				CLANG_WARN_ENUM_CONVERSION = YES;
				CLANG_WARN_INT_CONVERSION = YES;
				CLANG_WARN_OBJC_ROOT_CLASS = YES_ERROR;
				CLANG_WARN_UNREACHABLE_CODE = YES;
				CLANG_WARN__DUPLICATE_METHOD_MATCH = YES;
				"CODE_SIGN_IDENTITY[sdk=iphoneos*]" = "iPhone Developer";
				COPY_PHASE_STRIP = NO;
				DEBUG_INFORMATION_FORMAT = "dwarf-with-dsym";
				ENABLE_STRICT_OBJC_MSGSEND = YES;
				ENABLE_TESTABILITY = YES;
				GCC_C_LANGUAGE_STANDARD = gnu99;
				GCC_DYNAMIC_NO_PIC = NO;
				GCC_NO_COMMON_BLOCKS = YES;
				GCC_OPTIMIZATION_LEVEL = 0;
				GCC_PREPROCESSOR_DEFINITIONS = (
					"DEBUG=1",
					"$(inherited)",
				);
				GCC_SYMBOLS_PRIVATE_EXTERN = NO;
				GCC_WARN_64_TO_32_BIT_CONVERSION = YES;
				GCC_WARN_ABOUT_RETURN_TYPE = YES_ERROR;
				GCC_WARN_UNDECLARED_SELECTOR = YES;
				GCC_WARN_UNINITIALIZED_AUTOS = YES_AGGRESSIVE;
				GCC_WARN_UNUSED_FUNCTION = YES;
				GCC_WARN_UNUSED_VARIABLE = YES;
				IPHONEOS_DEPLOYMENT_TARGET = 8.0;
				MTL_ENABLE_DEBUG_INFO = YES;
				ONLY_ACTIVE_ARCH = YES;
				SDKROOT = iphoneos;
				SWIFT_OPTIMIZATION_LEVEL = "-Onone";
			};
			name = Debug;
		};
		C489EAE11BA83D1D00D788E0 /* Release */ = {
			isa = XCBuildConfiguration;
			buildSettings = {
				ALWAYS_SEARCH_USER_PATHS = NO;
				CLANG_CXX_LANGUAGE_STANDARD = "gnu++0x";
				CLANG_CXX_LIBRARY = "libc++";
				CLANG_ENABLE_MODULES = YES;
				CLANG_ENABLE_OBJC_ARC = YES;
				CLANG_WARN_BOOL_CONVERSION = YES;
				CLANG_WARN_CONSTANT_CONVERSION = YES;
				CLANG_WARN_DIRECT_OBJC_ISA_USAGE = YES_ERROR;
				CLANG_WARN_EMPTY_BODY = YES;
				CLANG_WARN_ENUM_CONVERSION = YES;
				CLANG_WARN_INT_CONVERSION = YES;
				CLANG_WARN_OBJC_ROOT_CLASS = YES_ERROR;
				CLANG_WARN_UNREACHABLE_CODE = YES;
				CLANG_WARN__DUPLICATE_METHOD_MATCH = YES;
				"CODE_SIGN_IDENTITY[sdk=iphoneos*]" = "iPhone Developer";
				COPY_PHASE_STRIP = NO;
				DEBUG_INFORMATION_FORMAT = "dwarf-with-dsym";
				ENABLE_NS_ASSERTIONS = NO;
				ENABLE_STRICT_OBJC_MSGSEND = YES;
				GCC_C_LANGUAGE_STANDARD = gnu99;
				GCC_NO_COMMON_BLOCKS = YES;
				GCC_WARN_64_TO_32_BIT_CONVERSION = YES;
				GCC_WARN_ABOUT_RETURN_TYPE = YES_ERROR;
				GCC_WARN_UNDECLARED_SELECTOR = YES;
				GCC_WARN_UNINITIALIZED_AUTOS = YES_AGGRESSIVE;
				GCC_WARN_UNUSED_FUNCTION = YES;
				GCC_WARN_UNUSED_VARIABLE = YES;
				IPHONEOS_DEPLOYMENT_TARGET = 8.0;
				MTL_ENABLE_DEBUG_INFO = NO;
				SDKROOT = iphoneos;
				VALIDATE_PRODUCT = YES;
			};
			name = Release;
		};
		C489EAE31BA83D1D00D788E0 /* Debug */ = {
			isa = XCBuildConfiguration;
			baseConfigurationReference = A7A9B433B04EE394259E4DC3 /* Pods.debug.xcconfig */;
			buildSettings = {
				ASSETCATALOG_COMPILER_APPICON_NAME = AppIcon;
				EMBEDDED_CONTENT_CONTAINS_SWIFT = NO;
				FRAMEWORK_SEARCH_PATHS = "$(inherited)";
				HEADER_SEARCH_PATHS = (
					"$(inherited)",
					"\"${PODS_ROOT}/Headers/Public\"",
					"\"${PODS_ROOT}/Headers/Public/VK-ios-sdk\"",
					"$(SDKROOT)/usr/include/libxml2",
				);
				INFOPLIST_FILE = EyePatchPlayer/Info.plist;
				IPHONEOS_DEPLOYMENT_TARGET = 8.0;
				LD_RUNPATH_SEARCH_PATHS = "$(inherited) @executable_path/Frameworks @executable_path";
				PRODUCT_BUNDLE_IDENTIFIER = "com.apppli.$(PRODUCT_NAME:rfc1034identifier)";
				PRODUCT_NAME = "$(TARGET_NAME)";
				SWIFT_OBJC_BRIDGING_HEADER = "/Users/andr3y/repos/EyePatchPlayer/EyePatchPlayer-Bridging-Header.h";
			};
			name = Debug;
		};
		C489EAE41BA83D1D00D788E0 /* Release */ = {
			isa = XCBuildConfiguration;
			baseConfigurationReference = 233376957A6F53AEBAB95C02 /* Pods.release.xcconfig */;
			buildSettings = {
				ASSETCATALOG_COMPILER_APPICON_NAME = AppIcon;
				EMBEDDED_CONTENT_CONTAINS_SWIFT = NO;
				FRAMEWORK_SEARCH_PATHS = "$(inherited)";
				HEADER_SEARCH_PATHS = (
					"$(inherited)",
					"\"${PODS_ROOT}/Headers/Public\"",
					"\"${PODS_ROOT}/Headers/Public/VK-ios-sdk\"",
					"$(SDKROOT)/usr/include/libxml2",
				);
				INFOPLIST_FILE = EyePatchPlayer/Info.plist;
				IPHONEOS_DEPLOYMENT_TARGET = 8.0;
				LD_RUNPATH_SEARCH_PATHS = "$(inherited) @executable_path/Frameworks @executable_path";
				PRODUCT_BUNDLE_IDENTIFIER = "com.apppli.$(PRODUCT_NAME:rfc1034identifier)";
				PRODUCT_NAME = "$(TARGET_NAME)";
			};
			name = Release;
		};
		C489EAE61BA83D1D00D788E0 /* Debug */ = {
			isa = XCBuildConfiguration;
			buildSettings = {
				BUNDLE_LOADER = "$(TEST_HOST)";
				FRAMEWORK_SEARCH_PATHS = "$(inherited)";
				GCC_PREPROCESSOR_DEFINITIONS = (
					"DEBUG=1",
					"$(inherited)",
				);
				INFOPLIST_FILE = EyePatchPlayerTests/Info.plist;
				LD_RUNPATH_SEARCH_PATHS = "$(inherited) @executable_path/Frameworks @loader_path/Frameworks";
				PRODUCT_BUNDLE_IDENTIFIER = "com.apppli.$(PRODUCT_NAME:rfc1034identifier)";
				PRODUCT_NAME = "$(TARGET_NAME)";
				TEST_HOST = "$(BUILT_PRODUCTS_DIR)/EyePatchPlayer.app/EyePatchPlayer";
			};
			name = Debug;
		};
		C489EAE71BA83D1D00D788E0 /* Release */ = {
			isa = XCBuildConfiguration;
			buildSettings = {
				BUNDLE_LOADER = "$(TEST_HOST)";
				FRAMEWORK_SEARCH_PATHS = "$(inherited)";
				INFOPLIST_FILE = EyePatchPlayerTests/Info.plist;
				LD_RUNPATH_SEARCH_PATHS = "$(inherited) @executable_path/Frameworks @loader_path/Frameworks";
				PRODUCT_BUNDLE_IDENTIFIER = "com.apppli.$(PRODUCT_NAME:rfc1034identifier)";
				PRODUCT_NAME = "$(TARGET_NAME)";
				TEST_HOST = "$(BUILT_PRODUCTS_DIR)/EyePatchPlayer.app/EyePatchPlayer";
			};
			name = Release;
		};
/* End XCBuildConfiguration section */

/* Begin XCConfigurationList section */
		C489EABC1BA83D1D00D788E0 /* Build configuration list for PBXProject "EyePatchPlayer" */ = {
			isa = XCConfigurationList;
			buildConfigurations = (
				C489EAE01BA83D1D00D788E0 /* Debug */,
				C489EAE11BA83D1D00D788E0 /* Release */,
			);
			defaultConfigurationIsVisible = 0;
			defaultConfigurationName = Release;
		};
		C489EAE21BA83D1D00D788E0 /* Build configuration list for PBXNativeTarget "EyePatchPlayer" */ = {
			isa = XCConfigurationList;
			buildConfigurations = (
				C489EAE31BA83D1D00D788E0 /* Debug */,
				C489EAE41BA83D1D00D788E0 /* Release */,
			);
			defaultConfigurationIsVisible = 0;
			defaultConfigurationName = Release;
		};
		C489EAE51BA83D1D00D788E0 /* Build configuration list for PBXNativeTarget "EyePatchPlayerTests" */ = {
			isa = XCConfigurationList;
			buildConfigurations = (
				C489EAE61BA83D1D00D788E0 /* Debug */,
				C489EAE71BA83D1D00D788E0 /* Release */,
			);
			defaultConfigurationIsVisible = 0;
			defaultConfigurationName = Release;
		};
/* End XCConfigurationList section */
	};
	rootObject = C489EAB91BA83D1D00D788E0 /* Project object */;
}
